
Microsoft Visual Studio Solution File, Format Version 12.00
# Visual Studio Version 17
VisualStudioVersion = 17.4.33110.190
MinimumVisualStudioVersion = 10.0.40219.1
Project("{FAE04EC0-301F-11D3-BF4B-00C04F79EFBC}") = "DAL", "DAL\DAL.csproj", "{452A8E5D-4EAA-46D1-9C6E-F04911FB56C4}"
EndProject
Project("{FAE04EC0-301F-11D3-BF4B-00C04F79EFBC}") = "StaffForms", "StaffForms\StaffForms.csproj", "{C24B28DA-F4EE-4655-B26E-61C7000860E2}"
EndProject
Global
	GlobalSection(SolutionConfigurationPlatforms) = preSolution
		Debug|Any CPU = Debug|Any CPU
		Release|Any CPU = Release|Any CPU
	EndGlobalSection
	GlobalSection(ProjectConfigurationPlatforms) = postSolution
		{452A8E5D-4EAA-46D1-9C6E-F04911FB56C4}.Debug|Any CPU.ActiveCfg = Debug|Any CPU
		{452A8E5D-4EAA-46D1-9C6E-F04911FB56C4}.Debug|Any CPU.Build.0 = Debug|Any CPU
		{452A8E5D-4EAA-46D1-9C6E-F04911FB56C4}.Release|Any CPU.ActiveCfg = Release|Any CPU
		{452A8E5D-4EAA-46D1-9C6E-F04911FB56C4}.Release|Any CPU.Build.0 = Release|Any CPU
		{C24B28DA-F4EE-4655-B26E-61C7000860E2}.Debug|Any CPU.ActiveCfg = Debug|Any CPU
		{C24B28DA-F4EE-4655-B26E-61C7000860E2}.Debug|Any CPU.Build.0 = Debug|Any CPU
		{C24B28DA-F4EE-4655-B26E-61C7000860E2}.Release|Any CPU.ActiveCfg = Release|Any CPU
		{C24B28DA-F4EE-4655-B26E-61C7000860E2}.Release|Any CPU.Build.0 = Release|Any CPU
	EndGlobalSection
	GlobalSection(SolutionProperties) = preSolution
		HideSolutionNode = FALSE
	EndGlobalSection
	GlobalSection(ExtensibilityGlobals) = postSolution
		SolutionGuid = {5527586E-9CDF-4C19-9FDF-80232C2B159A}
	EndGlobalSection
EndGlobal
